// !$*UTF8*$!
{
	archiveVersion = 1;
	classes = {
	};
	objectVersion = 55;
	objects = {

/* Begin PBXBuildFile section */
		A745584B279028C400AD7446 /* Realm in Frameworks */ = {isa = PBXBuildFile; productRef = A745584A279028C400AD7446 /* Realm */; };
		A745584D279028C400AD7446 /* RealmSwift in Frameworks */ = {isa = PBXBuildFile; productRef = A745584C279028C400AD7446 /* RealmSwift */; };
		A74558502790295B00AD7446 /* RealmDataManager.swift in Sources */ = {isa = PBXBuildFile; fileRef = A745584F2790295B00AD7446 /* RealmDataManager.swift */; };
		A745585227902C1600AD7446 /* Task.swift in Sources */ = {isa = PBXBuildFile; fileRef = A745585127902C1600AD7446 /* Task.swift */; };
		A74E190E277CF61500025890 /* GeneralViewTrainingApp.swift in Sources */ = {isa = PBXBuildFile; fileRef = A74E190D277CF61500025890 /* GeneralViewTrainingApp.swift */; };
		A74E1910277CF61500025890 /* ContentView.swift in Sources */ = {isa = PBXBuildFile; fileRef = A74E190F277CF61500025890 /* ContentView.swift */; };
		A74E1912277CF61600025890 /* Assets.xcassets in Resources */ = {isa = PBXBuildFile; fileRef = A74E1911277CF61600025890 /* Assets.xcassets */; };
		A74E1915277CF61600025890 /* Preview Assets.xcassets in Resources */ = {isa = PBXBuildFile; fileRef = A74E1914277CF61600025890 /* Preview Assets.xcassets */; };
		A74E191F277CFBE800025890 /* SignInPageView.swift in Sources */ = {isa = PBXBuildFile; fileRef = A74E191E277CFBE800025890 /* SignInPageView.swift */; };
		A74E1921277CFC1B00025890 /* SignUpPageView.swift in Sources */ = {isa = PBXBuildFile; fileRef = A74E1920277CFC1B00025890 /* SignUpPageView.swift */; };
		A74E1923277CFC4300025890 /* TabBarView.swift in Sources */ = {isa = PBXBuildFile; fileRef = A74E1922277CFC4300025890 /* TabBarView.swift */; };
		A74E1925277CFC6A00025890 /* HomeView.swift in Sources */ = {isa = PBXBuildFile; fileRef = A74E1924277CFC6A00025890 /* HomeView.swift */; };
		A7587985277E8B9F007DCB1B /* ViewRouter.swift in Sources */ = {isa = PBXBuildFile; fileRef = A7587984277E8B9F007DCB1B /* ViewRouter.swift */; };
		A7587987277E8D0F007DCB1B /* Constants.swift in Sources */ = {isa = PBXBuildFile; fileRef = A7587986277E8D0F007DCB1B /* Constants.swift */; };
		A7587989277E99B8007DCB1B /* ButtonView.swift in Sources */ = {isa = PBXBuildFile; fileRef = A7587988277E99B8007DCB1B /* ButtonView.swift */; };
/* End PBXBuildFile section */

/* Begin PBXFileReference section */
		A745584F2790295B00AD7446 /* RealmDataManager.swift */ = {isa = PBXFileReference; lastKnownFileType = sourcecode.swift; path = RealmDataManager.swift; sourceTree = "<group>"; };
		A745585127902C1600AD7446 /* Task.swift */ = {isa = PBXFileReference; lastKnownFileType = sourcecode.swift; path = Task.swift; sourceTree = "<group>"; };
		A74E190A277CF61500025890 /* GeneralViewTraining.app */ = {isa = PBXFileReference; explicitFileType = wrapper.application; includeInIndex = 0; path = GeneralViewTraining.app; sourceTree = BUILT_PRODUCTS_DIR; };
		A74E190D277CF61500025890 /* GeneralViewTrainingApp.swift */ = {isa = PBXFileReference; lastKnownFileType = sourcecode.swift; path = GeneralViewTrainingApp.swift; sourceTree = "<group>"; };
		A74E190F277CF61500025890 /* ContentView.swift */ = {isa = PBXFileReference; lastKnownFileType = sourcecode.swift; path = ContentView.swift; sourceTree = "<group>"; };
		A74E1911277CF61600025890 /* Assets.xcassets */ = {isa = PBXFileReference; lastKnownFileType = folder.assetcatalog; path = Assets.xcassets; sourceTree = "<group>"; };
		A74E1914277CF61600025890 /* Preview Assets.xcassets */ = {isa = PBXFileReference; lastKnownFileType = folder.assetcatalog; path = "Preview Assets.xcassets"; sourceTree = "<group>"; };
		A74E191E277CFBE800025890 /* SignInPageView.swift */ = {isa = PBXFileReference; lastKnownFileType = sourcecode.swift; path = SignInPageView.swift; sourceTree = "<group>"; };
		A74E1920277CFC1B00025890 /* SignUpPageView.swift */ = {isa = PBXFileReference; lastKnownFileType = sourcecode.swift; path = SignUpPageView.swift; sourceTree = "<group>"; };
		A74E1922277CFC4300025890 /* TabBarView.swift */ = {isa = PBXFileReference; lastKnownFileType = sourcecode.swift; path = TabBarView.swift; sourceTree = "<group>"; };
		A74E1924277CFC6A00025890 /* HomeView.swift */ = {isa = PBXFileReference; lastKnownFileType = sourcecode.swift; path = HomeView.swift; sourceTree = "<group>"; };
		A7587984277E8B9F007DCB1B /* ViewRouter.swift */ = {isa = PBXFileReference; lastKnownFileType = sourcecode.swift; path = ViewRouter.swift; sourceTree = "<group>"; };
		A7587986277E8D0F007DCB1B /* Constants.swift */ = {isa = PBXFileReference; lastKnownFileType = sourcecode.swift; path = Constants.swift; sourceTree = "<group>"; };
		A7587988277E99B8007DCB1B /* ButtonView.swift */ = {isa = PBXFileReference; lastKnownFileType = sourcecode.swift; path = ButtonView.swift; sourceTree = "<group>"; };
/* End PBXFileReference section */

/* Begin PBXFrameworksBuildPhase section */
		A74E1907277CF61500025890 /* Frameworks */ = {
			isa = PBXFrameworksBuildPhase;
			buildActionMask = 2147483647;
			files = (
				A745584D279028C400AD7446 /* RealmSwift in Frameworks */,
				A745584B279028C400AD7446 /* Realm in Frameworks */,
			);
			runOnlyForDeploymentPostprocessing = 0;
		};
/* End PBXFrameworksBuildPhase section */

/* Begin PBXGroup section */
		A745584E2790290A00AD7446 /* RealmDataModel */ = {
			isa = PBXGroup;
			children = (
				A745584F2790295B00AD7446 /* RealmDataManager.swift */,
				A745585127902C1600AD7446 /* Task.swift */,
			);
			path = RealmDataModel;
			sourceTree = "<group>";
		};
		A74E1901277CF61500025890 = {
			isa = PBXGroup;
			children = (
				A74E190C277CF61500025890 /* GeneralViewTraining */,
				A74E190B277CF61500025890 /* Products */,
			);
			sourceTree = "<group>";
		};
		A74E190B277CF61500025890 /* Products */ = {
			isa = PBXGroup;
			children = (
				A74E190A277CF61500025890 /* GeneralViewTraining.app */,
			);
			name = Products;
			sourceTree = "<group>";
		};
		A74E190C277CF61500025890 /* GeneralViewTraining */ = {
			isa = PBXGroup;
			children = (
				A74E191D277CFBB800025890 /* Model */,
				A74E191C277CFB9000025890 /* ViewModel */,
				A74E191B277CFB7000025890 /* View */,
				A745584E2790290A00AD7446 /* RealmDataModel */,
				A74E1928277CFCBA00025890 /* Style */,
				A74E1911277CF61600025890 /* Assets.xcassets */,
				A74E1913277CF61600025890 /* Preview Content */,
			);
			path = GeneralViewTraining;
			sourceTree = "<group>";
		};
		A74E1913277CF61600025890 /* Preview Content */ = {
			isa = PBXGroup;
			children = (
				A74E1914277CF61600025890 /* Preview Assets.xcassets */,
			);
			path = "Preview Content";
			sourceTree = "<group>";
		};
		A74E191B277CFB7000025890 /* View */ = {
			isa = PBXGroup;
			children = (
				A74E191E277CFBE800025890 /* SignInPageView.swift */,
				A74E1920277CFC1B00025890 /* SignUpPageView.swift */,
				A74E1922277CFC4300025890 /* TabBarView.swift */,
				A74E1924277CFC6A00025890 /* HomeView.swift */,
			);
			path = View;
			sourceTree = "<group>";
		};
		A74E191C277CFB9000025890 /* ViewModel */ = {
			isa = PBXGroup;
			children = (
				A74E190F277CF61500025890 /* ContentView.swift */,
				A7587984277E8B9F007DCB1B /* ViewRouter.swift */,
			);
			path = ViewModel;
			sourceTree = "<group>";
		};
		A74E191D277CFBB800025890 /* Model */ = {
			isa = PBXGroup;
			children = (
				A74E190D277CF61500025890 /* GeneralViewTrainingApp.swift */,
			);
			path = Model;
			sourceTree = "<group>";
		};
		A74E1928277CFCBA00025890 /* Style */ = {
			isa = PBXGroup;
			children = (
				A7587986277E8D0F007DCB1B /* Constants.swift */,
				A7587988277E99B8007DCB1B /* ButtonView.swift */,
			);
			path = Style;
			sourceTree = "<group>";
		};
/* End PBXGroup section */

/* Begin PBXNativeTarget section */
		A74E1909277CF61500025890 /* GeneralViewTraining */ = {
			isa = PBXNativeTarget;
			buildConfigurationList = A74E1918277CF61600025890 /* Build configuration list for PBXNativeTarget "GeneralViewTraining" */;
			buildPhases = (
				A74E1906277CF61500025890 /* Sources */,
				A74E1907277CF61500025890 /* Frameworks */,
				A74E1908277CF61500025890 /* Resources */,
			);
			buildRules = (
			);
			dependencies = (
			);
			name = GeneralViewTraining;
			packageProductDependencies = (
				A745584A279028C400AD7446 /* Realm */,
				A745584C279028C400AD7446 /* RealmSwift */,
			);
			productName = GeneralViewTraining;
			productReference = A74E190A277CF61500025890 /* GeneralViewTraining.app */;
			productType = "com.apple.product-type.application";
		};
/* End PBXNativeTarget section */

/* Begin PBXProject section */
		A74E1902277CF61500025890 /* Project object */ = {
			isa = PBXProject;
			attributes = {
				BuildIndependentTargetsInParallel = 1;
				LastSwiftUpdateCheck = 1320;
				LastUpgradeCheck = 1320;
				TargetAttributes = {
					A74E1909277CF61500025890 = {
						CreatedOnToolsVersion = 13.2.1;
					};
				};
			};
			buildConfigurationList = A74E1905277CF61500025890 /* Build configuration list for PBXProject "GeneralViewTraining" */;
			compatibilityVersion = "Xcode 13.0";
			developmentRegion = en;
			hasScannedForEncodings = 0;
			knownRegions = (
				en,
				Base,
			);
			mainGroup = A74E1901277CF61500025890;
			packageReferences = (
				A7455849279028C400AD7446 /* XCRemoteSwiftPackageReference "realm-swift" */,
			);
			productRefGroup = A74E190B277CF61500025890 /* Products */;
			projectDirPath = "";
			projectRoot = "";
			targets = (
				A74E1909277CF61500025890 /* GeneralViewTraining */,
			);
		};
/* End PBXProject section */

/* Begin PBXResourcesBuildPhase section */
		A74E1908277CF61500025890 /* Resources */ = {
			isa = PBXResourcesBuildPhase;
			buildActionMask = 2147483647;
			files = (
				A74E1915277CF61600025890 /* Preview Assets.xcassets in Resources */,
				A74E1912277CF61600025890 /* Assets.xcassets in Resources */,
			);
			runOnlyForDeploymentPostprocessing = 0;
		};
/* End PBXResourcesBuildPhase section */

/* Begin PBXSourcesBuildPhase section */
		A74E1906277CF61500025890 /* Sources */ = {
			isa = PBXSourcesBuildPhase;
			buildActionMask = 2147483647;
			files = (
				A74E1910277CF61500025890 /* ContentView.swift in Sources */,
				A7587985277E8B9F007DCB1B /* ViewRouter.swift in Sources */,
				A74E1921277CFC1B00025890 /* SignUpPageView.swift in Sources */,
				A74E190E277CF61500025890 /* GeneralViewTrainingApp.swift in Sources */,
				A745585227902C1600AD7446 /* Task.swift in Sources */,
				A74E1925277CFC6A00025890 /* HomeView.swift in Sources */,
				A74E1923277CFC4300025890 /* TabBarView.swift in Sources */,
				A74E191F277CFBE800025890 /* SignInPageView.swift in Sources */,
				A7587987277E8D0F007DCB1B /* Constants.swift in Sources */,
				A7587989277E99B8007DCB1B /* ButtonView.swift in Sources */,
				A74558502790295B00AD7446 /* RealmDataManager.swift in Sources */,
			);
			runOnlyForDeploymentPostprocessing = 0;
		};
/* End PBXSourcesBuildPhase section */

/* Begin XCBuildConfiguration section */
		A74E1916277CF61600025890 /* Debug */ = {
			isa = XCBuildConfiguration;
			buildSettings = {
				ALWAYS_SEARCH_USER_PATHS = NO;
				CLANG_ANALYZER_NONNULL = YES;
				CLANG_ANALYZER_NUMBER_OBJECT_CONVERSION = YES_AGGRESSIVE;
				CLANG_CXX_LANGUAGE_STANDARD = "gnu++17";
				CLANG_CXX_LIBRARY = "libc++";
				CLANG_ENABLE_MODULES = YES;
				CLANG_ENABLE_OBJC_ARC = YES;
				CLANG_ENABLE_OBJC_WEAK = YES;
				CLANG_WARN_BLOCK_CAPTURE_AUTORELEASING = YES;
				CLANG_WARN_BOOL_CONVERSION = YES;
				CLANG_WARN_COMMA = YES;
				CLANG_WARN_CONSTANT_CONVERSION = YES;
				CLANG_WARN_DEPRECATED_OBJC_IMPLEMENTATIONS = YES;
				CLANG_WARN_DIRECT_OBJC_ISA_USAGE = YES_ERROR;
				CLANG_WARN_DOCUMENTATION_COMMENTS = YES;
				CLANG_WARN_EMPTY_BODY = YES;
				CLANG_WARN_ENUM_CONVERSION = YES;
				CLANG_WARN_INFINITE_RECURSION = YES;
				CLANG_WARN_INT_CONVERSION = YES;
				CLANG_WARN_NON_LITERAL_NULL_CONVERSION = YES;
				CLANG_WARN_OBJC_IMPLICIT_RETAIN_SELF = YES;
				CLANG_WARN_OBJC_LITERAL_CONVERSION = YES;
				CLANG_WARN_OBJC_ROOT_CLASS = YES_ERROR;
				CLANG_WARN_QUOTED_INCLUDE_IN_FRAMEWORK_HEADER = YES;
				CLANG_WARN_RANGE_LOOP_ANALYSIS = YES;
				CLANG_WARN_STRICT_PROTOTYPES = YES;
				CLANG_WARN_SUSPICIOUS_MOVE = YES;
				CLANG_WARN_UNGUARDED_AVAILABILITY = YES_AGGRESSIVE;
				CLANG_WARN_UNREACHABLE_CODE = YES;
				CLANG_WARN__DUPLICATE_METHOD_MATCH = YES;
				COPY_PHASE_STRIP = NO;
				DEBUG_INFORMATION_FORMAT = dwarf;
				ENABLE_STRICT_OBJC_MSGSEND = YES;
				ENABLE_TESTABILITY = YES;
				GCC_C_LANGUAGE_STANDARD = gnu11;
				GCC_DYNAMIC_NO_PIC = NO;
				GCC_NO_COMMON_BLOCKS = YES;
				GCC_OPTIMIZATION_LEVEL = 0;
				GCC_PREPROCESSOR_DEFINITIONS = (
					"DEBUG=1",
					"$(inherited)",
				);
				GCC_WARN_64_TO_32_BIT_CONVERSION = YES;
				GCC_WARN_ABOUT_RETURN_TYPE = YES_ERROR;
				GCC_WARN_UNDECLARED_SELECTOR = YES;
				GCC_WARN_UNINITIALIZED_AUTOS = YES_AGGRESSIVE;
				GCC_WARN_UNUSED_FUNCTION = YES;
				GCC_WARN_UNUSED_VARIABLE = YES;
				IPHONEOS_DEPLOYMENT_TARGET = 15.2;
				MTL_ENABLE_DEBUG_INFO = INCLUDE_SOURCE;
				MTL_FAST_MATH = YES;
				ONLY_ACTIVE_ARCH = YES;
				SDKROOT = iphoneos;
				SWIFT_ACTIVE_COMPILATION_CONDITIONS = DEBUG;
				SWIFT_OPTIMIZATION_LEVEL = "-Onone";
			};
			name = Debug;
		};
		A74E1917277CF61600025890 /* Release */ = {
			isa = XCBuildConfiguration;
			buildSettings = {
				ALWAYS_SEARCH_USER_PATHS = NO;
				CLANG_ANALYZER_NONNULL = YES;
				CLANG_ANALYZER_NUMBER_OBJECT_CONVERSION = YES_AGGRESSIVE;
				CLANG_CXX_LANGUAGE_STANDARD = "gnu++17";
				CLANG_CXX_LIBRARY = "libc++";
				CLANG_ENABLE_MODULES = YES;
				CLANG_ENABLE_OBJC_ARC = YES;
				CLANG_ENABLE_OBJC_WEAK = YES;
				CLANG_WARN_BLOCK_CAPTURE_AUTORELEASING = YES;
				CLANG_WARN_BOOL_CONVERSION = YES;
				CLANG_WARN_COMMA = YES;
				CLANG_WARN_CONSTANT_CONVERSION = YES;
				CLANG_WARN_DEPRECATED_OBJC_IMPLEMENTATIONS = YES;
				CLANG_WARN_DIRECT_OBJC_ISA_USAGE = YES_ERROR;
				CLANG_WARN_DOCUMENTATION_COMMENTS = YES;
				CLANG_WARN_EMPTY_BODY = YES;
				CLANG_WARN_ENUM_CONVERSION = YES;
				CLANG_WARN_INFINITE_RECURSION = YES;
				CLANG_WARN_INT_CONVERSION = YES;
				CLANG_WARN_NON_LITERAL_NULL_CONVERSION = YES;
				CLANG_WARN_OBJC_IMPLICIT_RETAIN_SELF = YES;
				CLANG_WARN_OBJC_LITERAL_CONVERSION = YES;
				CLANG_WARN_OBJC_ROOT_CLASS = YES_ERROR;
				CLANG_WARN_QUOTED_INCLUDE_IN_FRAMEWORK_HEADER = YES;
				CLANG_WARN_RANGE_LOOP_ANALYSIS = YES;
				CLANG_WARN_STRICT_PROTOTYPES = YES;
				CLANG_WARN_SUSPICIOUS_MOVE = YES;
				CLANG_WARN_UNGUARDED_AVAILABILITY = YES_AGGRESSIVE;
				CLANG_WARN_UNREACHABLE_CODE = YES;
				CLANG_WARN__DUPLICATE_METHOD_MATCH = YES;
				COPY_PHASE_STRIP = NO;
				DEBUG_INFORMATION_FORMAT = "dwarf-with-dsym";
				ENABLE_NS_ASSERTIONS = NO;
				ENABLE_STRICT_OBJC_MSGSEND = YES;
				GCC_C_LANGUAGE_STANDARD = gnu11;
				GCC_NO_COMMON_BLOCKS = YES;
				GCC_WARN_64_TO_32_BIT_CONVERSION = YES;
				GCC_WARN_ABOUT_RETURN_TYPE = YES_ERROR;
				GCC_WARN_UNDECLARED_SELECTOR = YES;
				GCC_WARN_UNINITIALIZED_AUTOS = YES_AGGRESSIVE;
				GCC_WARN_UNUSED_FUNCTION = YES;
				GCC_WARN_UNUSED_VARIABLE = YES;
				IPHONEOS_DEPLOYMENT_TARGET = 15.2;
				MTL_ENABLE_DEBUG_INFO = NO;
				MTL_FAST_MATH = YES;
				SDKROOT = iphoneos;
				SWIFT_COMPILATION_MODE = wholemodule;
				SWIFT_OPTIMIZATION_LEVEL = "-O";
				VALIDATE_PRODUCT = YES;
			};
			name = Release;
		};
		A74E1919277CF61600025890 /* Debug */ = {
			isa = XCBuildConfiguration;
			buildSettings = {
				ASSETCATALOG_COMPILER_APPICON_NAME = AppIcon;
				ASSETCATALOG_COMPILER_GLOBAL_ACCENT_COLOR_NAME = AccentColor;
				CODE_SIGN_STYLE = Automatic;
				CURRENT_PROJECT_VERSION = 1;
				DEVELOPMENT_ASSET_PATHS = "\"GeneralViewTraining/Preview Content\"";
				DEVELOPMENT_TEAM = TL6Q43TK9R;
				ENABLE_PREVIEWS = YES;
				GENERATE_INFOPLIST_FILE = YES;
				INFOPLIST_KEY_UIApplicationSceneManifest_Generation = YES;
				INFOPLIST_KEY_UIApplicationSupportsIndirectInputEvents = YES;
				INFOPLIST_KEY_UILaunchScreen_Generation = YES;
				INFOPLIST_KEY_UISupportedInterfaceOrientations_iPad = "UIInterfaceOrientationPortrait UIInterfaceOrientationPortraitUpsideDown UIInterfaceOrientationLandscapeLeft UIInterfaceOrientationLandscapeRight";
				INFOPLIST_KEY_UISupportedInterfaceOrientations_iPhone = "UIInterfaceOrientationPortrait UIInterfaceOrientationLandscapeLeft UIInterfaceOrientationLandscapeRight";
				LD_RUNPATH_SEARCH_PATHS = (
					"$(inherited)",
					"@executable_path/Frameworks",
				);
				MARKETING_VERSION = 1.0;
				PRODUCT_BUNDLE_IDENTIFIER = com.solojumman.GeneralViewTraining;
				PRODUCT_NAME = "$(TARGET_NAME)";
				SWIFT_EMIT_LOC_STRINGS = YES;
				SWIFT_VERSION = 5.0;
				TARGETED_DEVICE_FAMILY = "1,2";
			};
			name = Debug;
		};
		A74E191A277CF61600025890 /* Release */ = {
			isa = XCBuildConfiguration;
			buildSettings = {
				ASSETCATALOG_COMPILER_APPICON_NAME = AppIcon;
				ASSETCATALOG_COMPILER_GLOBAL_ACCENT_COLOR_NAME = AccentColor;
				CODE_SIGN_STYLE = Automatic;
				CURRENT_PROJECT_VERSION = 1;
				DEVELOPMENT_ASSET_PATHS = "\"GeneralViewTraining/Preview Content\"";
				DEVELOPMENT_TEAM = TL6Q43TK9R;
				ENABLE_PREVIEWS = YES;
				GENERATE_INFOPLIST_FILE = YES;
				INFOPLIST_KEY_UIApplicationSceneManifest_Generation = YES;
				INFOPLIST_KEY_UIApplicationSupportsIndirectInputEvents = YES;
				INFOPLIST_KEY_UILaunchScreen_Generation = YES;
				INFOPLIST_KEY_UISupportedInterfaceOrientations_iPad = "UIInterfaceOrientationPortrait UIInterfaceOrientationPortraitUpsideDown UIInterfaceOrientationLandscapeLeft UIInterfaceOrientationLandscapeRight";
				INFOPLIST_KEY_UISupportedInterfaceOrientations_iPhone = "UIInterfaceOrientationPortrait UIInterfaceOrientationLandscapeLeft UIInterfaceOrientationLandscapeRight";
				LD_RUNPATH_SEARCH_PATHS = (
					"$(inherited)",
					"@executable_path/Frameworks",
				);
				MARKETING_VERSION = 1.0;
				PRODUCT_BUNDLE_IDENTIFIER = com.solojumman.GeneralViewTraining;
				PRODUCT_NAME = "$(TARGET_NAME)";
				SWIFT_EMIT_LOC_STRINGS = YES;
				SWIFT_VERSION = 5.0;
				TARGETED_DEVICE_FAMILY = "1,2";
			};
			name = Release;
		};
/* End XCBuildConfiguration section */

/* Begin XCConfigurationList section */
		A74E1905277CF61500025890 /* Build configuration list for PBXProject "GeneralViewTraining" */ = {
			isa = XCConfigurationList;
			buildConfigurations = (
				A74E1916277CF61600025890 /* Debug */,
				A74E1917277CF61600025890 /* Release */,
			);
			defaultConfigurationIsVisible = 0;
			defaultConfigurationName = Release;
		};
		A74E1918277CF61600025890 /* Build configuration list for PBXNativeTarget "GeneralViewTraining" */ = {
			isa = XCConfigurationList;
			buildConfigurations = (
				A74E1919277CF61600025890 /* Debug */,
				A74E191A277CF61600025890 /* Release */,
			);
			defaultConfigurationIsVisible = 0;
			defaultConfigurationName = Release;
		};
/* End XCConfigurationList section */

/* Begin XCRemoteSwiftPackageReference section */
		A7455849279028C400AD7446 /* XCRemoteSwiftPackageReference "realm-swift" */ = {
			isa = XCRemoteSwiftPackageReference;
			repositoryURL = "https://github.com/realm/realm-swift";
			requirement = {
				kind = upToNextMajorVersion;
				minimumVersion = 10.21.1;
			};
		};
/* End XCRemoteSwiftPackageReference section */

/* Begin XCSwiftPackageProductDependency section */
		A745584A279028C400AD7446 /* Realm */ = {
			isa = XCSwiftPackageProductDependency;
			package = A7455849279028C400AD7446 /* XCRemoteSwiftPackageReference "realm-swift" */;
			productName = Realm;
		};
		A745584C279028C400AD7446 /* RealmSwift */ = {
			isa = XCSwiftPackageProductDependency;
			package = A7455849279028C400AD7446 /* XCRemoteSwiftPackageReference "realm-swift" */;
			productName = RealmSwift;
		};
/* End XCSwiftPackageProductDependency section */
	};
	rootObject = A74E1902277CF61500025890 /* Project object */;
}
